// !$*UTF8*$!
{
	archiveVersion = 1;
	classes = {
	};
	objectVersion = 48;
	objects = {

/* Begin PBXBuildFile section */
		B938172A1F811C4000A589F2 /* AppDelegate.swift in Sources */ = {isa = PBXBuildFile; fileRef = B93817291F811C4000A589F2 /* AppDelegate.swift */; };
		B938172C1F811C4000A589F2 /* ViewController.swift in Sources */ = {isa = PBXBuildFile; fileRef = B938172B1F811C4000A589F2 /* ViewController.swift */; };
		B938172F1F811C4000A589F2 /* Main.storyboard in Resources */ = {isa = PBXBuildFile; fileRef = B938172D1F811C4000A589F2 /* Main.storyboard */; };
		B93817311F811C4000A589F2 /* Assets.xcassets in Resources */ = {isa = PBXBuildFile; fileRef = B93817301F811C4000A589F2 /* Assets.xcassets */; };
		B93817341F811C4000A589F2 /* LaunchScreen.storyboard in Resources */ = {isa = PBXBuildFile; fileRef = B93817321F811C4000A589F2 /* LaunchScreen.storyboard */; };
		B938173E1F811EB200A589F2 /* SourcesTableViewCell.swift in Sources */ = {isa = PBXBuildFile; fileRef = B938173D1F811EB200A589F2 /* SourcesTableViewCell.swift */; };
		B951BD841F81265500CF21FF /* Sources.swift in Sources */ = {isa = PBXBuildFile; fileRef = B951BD831F81265500CF21FF /* Sources.swift */; };
		B95812D11F8177910080C6B9 /* Articles.swift in Sources */ = {isa = PBXBuildFile; fileRef = B95812D01F8177910080C6B9 /* Articles.swift */; };
		B9CD29DB1F817C3300C1961C /* ArticlesTableViewCell.swift in Sources */ = {isa = PBXBuildFile; fileRef = B9CD29DA1F817C3300C1961C /* ArticlesTableViewCell.swift */; };
		B9EF30491F8169D100547649 /* NewsViewController.swift in Sources */ = {isa = PBXBuildFile; fileRef = B9EF30481F8169D100547649 /* NewsViewController.swift */; };
/* End PBXBuildFile section */

/* Begin PBXFileReference section */
		B93817261F811C4000A589F2 /* yCheck.app */ = {isa = PBXFileReference; explicitFileType = wrapper.application; includeInIndex = 0; path = yCheck.app; sourceTree = BUILT_PRODUCTS_DIR; };
		B93817291F811C4000A589F2 /* AppDelegate.swift */ = {isa = PBXFileReference; lastKnownFileType = sourcecode.swift; path = AppDelegate.swift; sourceTree = "<group>"; };
		B938172B1F811C4000A589F2 /* ViewController.swift */ = {isa = PBXFileReference; lastKnownFileType = sourcecode.swift; path = ViewController.swift; sourceTree = "<group>"; };
		B938172E1F811C4000A589F2 /* Base */ = {isa = PBXFileReference; lastKnownFileType = file.storyboard; name = Base; path = Base.lproj/Main.storyboard; sourceTree = "<group>"; };
		B93817301F811C4000A589F2 /* Assets.xcassets */ = {isa = PBXFileReference; lastKnownFileType = folder.assetcatalog; path = Assets.xcassets; sourceTree = "<group>"; };
		B93817331F811C4000A589F2 /* Base */ = {isa = PBXFileReference; lastKnownFileType = file.storyboard; name = Base; path = Base.lproj/LaunchScreen.storyboard; sourceTree = "<group>"; };
		B93817351F811C4000A589F2 /* Info.plist */ = {isa = PBXFileReference; lastKnownFileType = text.plist.xml; path = Info.plist; sourceTree = "<group>"; };
		B938173D1F811EB200A589F2 /* SourcesTableViewCell.swift */ = {isa = PBXFileReference; lastKnownFileType = sourcecode.swift; path = SourcesTableViewCell.swift; sourceTree = "<group>"; };
		B951BD831F81265500CF21FF /* Sources.swift */ = {isa = PBXFileReference; lastKnownFileType = sourcecode.swift; path = Sources.swift; sourceTree = "<group>"; };
		B95812D01F8177910080C6B9 /* Articles.swift */ = {isa = PBXFileReference; lastKnownFileType = sourcecode.swift; path = Articles.swift; sourceTree = "<group>"; };
		B9CD29DA1F817C3300C1961C /* ArticlesTableViewCell.swift */ = {isa = PBXFileReference; lastKnownFileType = sourcecode.swift; path = ArticlesTableViewCell.swift; sourceTree = "<group>"; };
		B9EF30481F8169D100547649 /* NewsViewController.swift */ = {isa = PBXFileReference; lastKnownFileType = sourcecode.swift; path = NewsViewController.swift; sourceTree = "<group>"; };
/* End PBXFileReference section */

/* Begin PBXFrameworksBuildPhase section */
		B93817231F811C4000A589F2 /* Frameworks */ = {
			isa = PBXFrameworksBuildPhase;
			buildActionMask = 2147483647;
			files = (
			);
			runOnlyForDeploymentPostprocessing = 0;
		};
/* End PBXFrameworksBuildPhase section */

/* Begin PBXGroup section */
		B938171D1F811C4000A589F2 = {
			isa = PBXGroup;
			children = (
				B93817281F811C4000A589F2 /* yCheck */,
				B93817271F811C4000A589F2 /* Products */,
			);
			sourceTree = "<group>";
		};
		B93817271F811C4000A589F2 /* Products */ = {
			isa = PBXGroup;
			children = (
				B93817261F811C4000A589F2 /* yCheck.app */,
			);
			name = Products;
			sourceTree = "<group>";
		};
		B93817281F811C4000A589F2 /* yCheck */ = {
			isa = PBXGroup;
			children = (
				B93817291F811C4000A589F2 /* AppDelegate.swift */,
				B938172B1F811C4000A589F2 /* ViewController.swift */,
				B938172D1F811C4000A589F2 /* Main.storyboard */,
				B93817301F811C4000A589F2 /* Assets.xcassets */,
				B93817321F811C4000A589F2 /* LaunchScreen.storyboard */,
				B93817351F811C4000A589F2 /* Info.plist */,
				B938173D1F811EB200A589F2 /* SourcesTableViewCell.swift */,
				B951BD831F81265500CF21FF /* Sources.swift */,
				B9EF30481F8169D100547649 /* NewsViewController.swift */,
				B95812D01F8177910080C6B9 /* Articles.swift */,
				B9CD29DA1F817C3300C1961C /* ArticlesTableViewCell.swift */,
			);
			path = yCheck;
			sourceTree = "<group>";
		};
/* End PBXGroup section */

/* Begin PBXNativeTarget section */
		B93817251F811C4000A589F2 /* yCheck */ = {
			isa = PBXNativeTarget;
			buildConfigurationList = B93817381F811C4000A589F2 /* Build configuration list for PBXNativeTarget "yCheck" */;
			buildPhases = (
				B93817221F811C4000A589F2 /* Sources */,
				B93817231F811C4000A589F2 /* Frameworks */,
				B93817241F811C4000A589F2 /* Resources */,
			);
			buildRules = (
			);
			dependencies = (
			);
			name = yCheck;
			productName = yCheck;
			productReference = B93817261F811C4000A589F2 /* yCheck.app */;
			productType = "com.apple.product-type.application";
		};
/* End PBXNativeTarget section */

/* Begin PBXProject section */
		B938171E1F811C4000A589F2 /* Project object */ = {
			isa = PBXProject;
			attributes = {
				LastSwiftUpdateCheck = 0900;
				LastUpgradeCheck = 0900;
				ORGANIZATIONNAME = Yacine.M;
				TargetAttributes = {
					B93817251F811C4000A589F2 = {
						CreatedOnToolsVersion = 9.0;
						ProvisioningStyle = Automatic;
					};
				};
			};
			buildConfigurationList = B93817211F811C4000A589F2 /* Build configuration list for PBXProject "yCheck" */;
			compatibilityVersion = "Xcode 8.0";
			developmentRegion = en;
			hasScannedForEncodings = 0;
			knownRegions = (
				en,
				Base,
			);
			mainGroup = B938171D1F811C4000A589F2;
			productRefGroup = B93817271F811C4000A589F2 /* Products */;
			projectDirPath = "";
			projectRoot = "";
			targets = (
				B93817251F811C4000A589F2 /* yCheck */,
			);
		};
/* End PBXProject section */

/* Begin PBXResourcesBuildPhase section */
		B93817241F811C4000A589F2 /* Resources */ = {
			isa = PBXResourcesBuildPhase;
			buildActionMask = 2147483647;
			files = (
				B93817341F811C4000A589F2 /* LaunchScreen.storyboard in Resources */,
				B93817311F811C4000A589F2 /* Assets.xcassets in Resources */,
				B938172F1F811C4000A589F2 /* Main.storyboard in Resources */,
			);
			runOnlyForDeploymentPostprocessing = 0;
		};
/* End PBXResourcesBuildPhase section */

/* Begin PBXSourcesBuildPhase section */
		B93817221F811C4000A589F2 /* Sources */ = {
			isa = PBXSourcesBuildPhase;
			buildActionMask = 2147483647;
			files = (
				B951BD841F81265500CF21FF /* Sources.swift in Sources */,
				B9CD29DB1F817C3300C1961C /* ArticlesTableViewCell.swift in Sources */,
				B938173E1F811EB200A589F2 /* SourcesTableViewCell.swift in Sources */,
				B938172C1F811C4000A589F2 /* ViewController.swift in Sources */,
				B9EF30491F8169D100547649 /* NewsViewController.swift in Sources */,
				B95812D11F8177910080C6B9 /* Articles.swift in Sources */,
				B938172A1F811C4000A589F2 /* AppDelegate.swift in Sources */,
			);
			runOnlyForDeploymentPostprocessing = 0;
		};
/* End PBXSourcesBuildPhase section */

/* Begin PBXVariantGroup section */
		B938172D1F811C4000A589F2 /* Main.storyboard */ = {
			isa = PBXVariantGroup;
			children = (
				B938172E1F811C4000A589F2 /* Base */,
			);
			name = Main.storyboard;
			sourceTree = "<group>";
		};
		B93817321F811C4000A589F2 /* LaunchScreen.storyboard */ = {
			isa = PBXVariantGroup;
			children = (
				B93817331F811C4000A589F2 /* Base */,
			);
			name = LaunchScreen.storyboard;
			sourceTree = "<group>";
		};
/* End PBXVariantGroup section */

/* Begin XCBuildConfiguration section */
		B93817361F811C4000A589F2 /* Debug */ = {
			isa = XCBuildConfiguration;
			buildSettings = {
				ALWAYS_SEARCH_USER_PATHS = NO;
				CLANG_ANALYZER_NONNULL = YES;
				CLANG_ANALYZER_NUMBER_OBJECT_CONVERSION = YES_AGGRESSIVE;
				CLANG_CXX_LANGUAGE_STANDARD = "gnu++14";
				CLANG_CXX_LIBRARY = "libc++";
				CLANG_ENABLE_MODULES = YES;
				CLANG_ENABLE_OBJC_ARC = YES;
				CLANG_WARN_BLOCK_CAPTURE_AUTORELEASING = YES;
				CLANG_WARN_BOOL_CONVERSION = YES;
				CLANG_WARN_COMMA = YES;
				CLANG_WARN_CONSTANT_CONVERSION = YES;
				CLANG_WARN_DIRECT_OBJC_ISA_USAGE = YES_ERROR;
				CLANG_WARN_DOCUMENTATION_COMMENTS = YES;
				CLANG_WARN_EMPTY_BODY = YES;
				CLANG_WARN_ENUM_CONVERSION = YES;
				CLANG_WARN_INFINITE_RECURSION = YES;
				CLANG_WARN_INT_CONVERSION = YES;
				CLANG_WARN_NON_LITERAL_NULL_CONVERSION = YES;
				CLANG_WARN_OBJC_LITERAL_CONVERSION = YES;
				CLANG_WARN_OBJC_ROOT_CLASS = YES_ERROR;
				CLANG_WARN_RANGE_LOOP_ANALYSIS = YES;
				CLANG_WARN_STRICT_PROTOTYPES = YES;
				CLANG_WARN_SUSPICIOUS_MOVE = YES;
				CLANG_WARN_UNGUARDED_AVAILABILITY = YES_AGGRESSIVE;
				CLANG_WARN_UNREACHABLE_CODE = YES;
				CLANG_WARN__DUPLICATE_METHOD_MATCH = YES;
				CODE_SIGN_IDENTITY = "iPhone Developer";
				COPY_PHASE_STRIP = NO;
				DEBUG_INFORMATION_FORMAT = dwarf;
				ENABLE_STRICT_OBJC_MSGSEND = YES;
				ENABLE_TESTABILITY = YES;
				GCC_C_LANGUAGE_STANDARD = gnu11;
				GCC_DYNAMIC_NO_PIC = NO;
				GCC_NO_COMMON_BLOCKS = YES;
				GCC_OPTIMIZATION_LEVEL = 0;
				GCC_PREPROCESSOR_DEFINITIONS = (
					"DEBUG=1",
					"$(inherited)",
				);
				GCC_WARN_64_TO_32_BIT_CONVERSION = YES;
				GCC_WARN_ABOUT_RETURN_TYPE = YES_ERROR;
				GCC_WARN_UNDECLARED_SELECTOR = YES;
				GCC_WARN_UNINITIALIZED_AUTOS = YES_AGGRESSIVE;
				GCC_WARN_UNUSED_FUNCTION = YES;
				GCC_WARN_UNUSED_VARIABLE = YES;
				IPHONEOS_DEPLOYMENT_TARGET = 11.0;
				MTL_ENABLE_DEBUG_INFO = YES;
				ONLY_ACTIVE_ARCH = YES;
				SDKROOT = iphoneos;
				SWIFT_ACTIVE_COMPILATION_CONDITIONS = DEBUG;
				SWIFT_OPTIMIZATION_LEVEL = "-Onone";
			};
			name = Debug;
		};
		B93817371F811C4000A589F2 /* Release */ = {
			isa = XCBuildConfiguration;
			buildSettings = {
				ALWAYS_SEARCH_USER_PATHS = NO;
				CLANG_ANALYZER_NONNULL = YES;
				CLANG_ANALYZER_NUMBER_OBJECT_CONVERSION = YES_AGGRESSIVE;
				CLANG_CXX_LANGUAGE_STANDARD = "gnu++14";
				CLANG_CXX_LIBRARY = "libc++";
				CLANG_ENABLE_MODULES = YES;
				CLANG_ENABLE_OBJC_ARC = YES;
				CLANG_WARN_BLOCK_CAPTURE_AUTORELEASING = YES;
				CLANG_WARN_BOOL_CONVERSION = YES;
				CLANG_WARN_COMMA = YES;
				CLANG_WARN_CONSTANT_CONVERSION = YES;
				CLANG_WARN_DIRECT_OBJC_ISA_USAGE = YES_ERROR;
				CLANG_WARN_DOCUMENTATION_COMMENTS = YES;
				CLANG_WARN_EMPTY_BODY = YES;
				CLANG_WARN_ENUM_CONVERSION = YES;
				CLANG_WARN_INFINITE_RECURSION = YES;
				CLANG_WARN_INT_CONVERSION = YES;
				CLANG_WARN_NON_LITERAL_NULL_CONVERSION = YES;
				CLANG_WARN_OBJC_LITERAL_CONVERSION = YES;
				CLANG_WARN_OBJC_ROOT_CLASS = YES_ERROR;
				CLANG_WARN_RANGE_LOOP_ANALYSIS = YES;
				CLANG_WARN_STRICT_PROTOTYPES = YES;
				CLANG_WARN_SUSPICIOUS_MOVE = YES;
				CLANG_WARN_UNGUARDED_AVAILABILITY = YES_AGGRESSIVE;
				CLANG_WARN_UNREACHABLE_CODE = YES;
				CLANG_WARN__DUPLICATE_METHOD_MATCH = YES;
				CODE_SIGN_IDENTITY = "iPhone Developer";
				COPY_PHASE_STRIP = NO;
				DEBUG_INFORMATION_FORMAT = "dwarf-with-dsym";
				ENABLE_NS_ASSERTIONS = NO;
				ENABLE_STRICT_OBJC_MSGSEND = YES;
				GCC_C_LANGUAGE_STANDARD = gnu11;
				GCC_NO_COMMON_BLOCKS = YES;
				GCC_WARN_64_TO_32_BIT_CONVERSION = YES;
				GCC_WARN_ABOUT_RETURN_TYPE = YES_ERROR;
				GCC_WARN_UNDECLARED_SELECTOR = YES;
				GCC_WARN_UNINITIALIZED_AUTOS = YES_AGGRESSIVE;
				GCC_WARN_UNUSED_FUNCTION = YES;
				GCC_WARN_UNUSED_VARIABLE = YES;
				IPHONEOS_DEPLOYMENT_TARGET = 11.0;
				MTL_ENABLE_DEBUG_INFO = NO;
				SDKROOT = iphoneos;
				SWIFT_OPTIMIZATION_LEVEL = "-Owholemodule";
				VALIDATE_PRODUCT = YES;
			};
			name = Release;
		};
		B93817391F811C4000A589F2 /* Debug */ = {
			isa = XCBuildConfiguration;
			buildSettings = {
				ASSETCATALOG_COMPILER_APPICON_NAME = AppIcon;
				CODE_SIGN_STYLE = Automatic;
				INFOPLIST_FILE = yCheck/Info.plist;
				LD_RUNPATH_SEARCH_PATHS = "$(inherited) @executable_path/Frameworks";
				PRODUCT_BUNDLE_IDENTIFIER = YskhM.yCheck;
				PRODUCT_NAME = "$(TARGET_NAME)";
				SWIFT_VERSION = 4.0;
				TARGETED_DEVICE_FAMILY = "1,2";
			};
			name = Debug;
		};
		B938173A1F811C4000A589F2 /* Release */ = {
			isa = XCBuildConfiguration;
			buildSettings = {
				ASSETCATALOG_COMPILER_APPICON_NAME = AppIcon;
				CODE_SIGN_STYLE = Automatic;
				INFOPLIST_FILE = yCheck/Info.plist;
				LD_RUNPATH_SEARCH_PATHS = "$(inherited) @executable_path/Frameworks";
				PRODUCT_BUNDLE_IDENTIFIER = YskhM.yCheck;
				PRODUCT_NAME = "$(TARGET_NAME)";
				SWIFT_VERSION = 4.0;
				TARGETED_DEVICE_FAMILY = "1,2";
			};
			name = Release;
		};
/* End XCBuildConfiguration section */

/* Begin XCConfigurationList section */
		B93817211F811C4000A589F2 /* Build configuration list for PBXProject "yCheck" */ = {
			isa = XCConfigurationList;
			buildConfigurations = (
				B93817361F811C4000A589F2 /* Debug */,
				B93817371F811C4000A589F2 /* Release */,
			);
			defaultConfigurationIsVisible = 0;
			defaultConfigurationName = Release;
		};
		B93817381F811C4000A589F2 /* Build configuration list for PBXNativeTarget "yCheck" */ = {
			isa = XCConfigurationList;
			buildConfigurations = (
				B93817391F811C4000A589F2 /* Debug */,
				B938173A1F811C4000A589F2 /* Release */,
			);
			defaultConfigurationIsVisible = 0;
			defaultConfigurationName = Release;
		};
/* End XCConfigurationList section */
	};
	rootObject = B938171E1F811C4000A589F2 /* Project object */;
}
